// !$*UTF8*$!
{
	archiveVersion = 1;
	classes = {
	};
	objectVersion = 56;
	objects = {

/* Begin PBXBuildFile section */
		A69D6D662C4A8BD400292BFD /* RIAApp.swift in Sources */ = {isa = PBXBuildFile; fileRef = A69D6D652C4A8BD400292BFD /* RIAApp.swift */; };
		A69D6D682C4A8BD400292BFD /* ContentView.swift in Sources */ = {isa = PBXBuildFile; fileRef = A69D6D672C4A8BD400292BFD /* ContentView.swift */; };
		A69D6D6A2C4A8BD600292BFD /* Assets.xcassets in Resources */ = {isa = PBXBuildFile; fileRef = A69D6D692C4A8BD600292BFD /* Assets.xcassets */; };
		A69D6D6D2C4A8BD600292BFD /* Preview Assets.xcassets in Resources */ = {isa = PBXBuildFile; fileRef = A69D6D6C2C4A8BD600292BFD /* Preview Assets.xcassets */; };
		A69D6D762C56893A00292BFD /* HomeView.swift in Sources */ = {isa = PBXBuildFile; fileRef = A69D6D752C56893A00292BFD /* HomeView.swift */; };
		A69D6D7E2C6F960F00292BFD /* SearchResultView.swift in Sources */ = {isa = PBXBuildFile; fileRef = A69D6D7D2C6F960F00292BFD /* SearchResultView.swift */; };
		A6D13AA02C71F462003252E0 /* KakaoMapsSDK-SPM in Frameworks */ = {isa = PBXBuildFile; productRef = A6D13A9F2C71F462003252E0 /* KakaoMapsSDK-SPM */; };
		A6D13AA22C731481003252E0 /* KaKaoMapView.swift in Sources */ = {isa = PBXBuildFile; fileRef = A6D13AA12C731481003252E0 /* KaKaoMapView.swift */; };
		A6D13AAB2C75CCA2003252E0 /* MyTravelListView.swift in Sources */ = {isa = PBXBuildFile; fileRef = A6D13AAA2C75CCA2003252E0 /* MyTravelListView.swift */; };
		A6D13AAD2C83596E003252E0 /* ImagePicker.swift in Sources */ = {isa = PBXBuildFile; fileRef = A6D13AAC2C83596E003252E0 /* ImagePicker.swift */; };
/* End PBXBuildFile section */

/* Begin PBXFileReference section */
		A69D6D622C4A8BD400292BFD /* RIA.app */ = {isa = PBXFileReference; explicitFileType = wrapper.application; includeInIndex = 0; path = RIA.app; sourceTree = BUILT_PRODUCTS_DIR; };
		A69D6D652C4A8BD400292BFD /* RIAApp.swift */ = {isa = PBXFileReference; lastKnownFileType = sourcecode.swift; path = RIAApp.swift; sourceTree = "<group>"; };
		A69D6D672C4A8BD400292BFD /* ContentView.swift */ = {isa = PBXFileReference; lastKnownFileType = sourcecode.swift; path = ContentView.swift; sourceTree = "<group>"; };
		A69D6D692C4A8BD600292BFD /* Assets.xcassets */ = {isa = PBXFileReference; lastKnownFileType = folder.assetcatalog; path = Assets.xcassets; sourceTree = "<group>"; };
		A69D6D6C2C4A8BD600292BFD /* Preview Assets.xcassets */ = {isa = PBXFileReference; lastKnownFileType = folder.assetcatalog; path = "Preview Assets.xcassets"; sourceTree = "<group>"; };
		A69D6D752C56893A00292BFD /* HomeView.swift */ = {isa = PBXFileReference; lastKnownFileType = sourcecode.swift; path = HomeView.swift; sourceTree = "<group>"; };
		A69D6D7D2C6F960F00292BFD /* SearchResultView.swift */ = {isa = PBXFileReference; lastKnownFileType = sourcecode.swift; path = SearchResultView.swift; sourceTree = "<group>"; };
		A6D13AA12C731481003252E0 /* KaKaoMapView.swift */ = {isa = PBXFileReference; lastKnownFileType = sourcecode.swift; path = KaKaoMapView.swift; sourceTree = "<group>"; };
		A6D13AA32C731CD7003252E0 /* Info.plist */ = {isa = PBXFileReference; lastKnownFileType = text.plist; path = Info.plist; sourceTree = "<group>"; };
		A6D13AAA2C75CCA2003252E0 /* MyTravelListView.swift */ = {isa = PBXFileReference; lastKnownFileType = sourcecode.swift; path = MyTravelListView.swift; sourceTree = "<group>"; };
		A6D13AAC2C83596E003252E0 /* ImagePicker.swift */ = {isa = PBXFileReference; lastKnownFileType = sourcecode.swift; path = ImagePicker.swift; sourceTree = "<group>"; };
/* End PBXFileReference section */

/* Begin PBXFrameworksBuildPhase section */
		A69D6D5F2C4A8BD400292BFD /* Frameworks */ = {
			isa = PBXFrameworksBuildPhase;
			buildActionMask = 2147483647;
			files = (
				A6D13AA02C71F462003252E0 /* KakaoMapsSDK-SPM in Frameworks */,
			);
			runOnlyForDeploymentPostprocessing = 0;
		};
/* End PBXFrameworksBuildPhase section */

/* Begin PBXGroup section */
		A69D6D592C4A8BD400292BFD = {
			isa = PBXGroup;
			children = (
				A69D6D642C4A8BD400292BFD /* RIA */,
				A69D6D632C4A8BD400292BFD /* Products */,
			);
			sourceTree = "<group>";
		};
		A69D6D632C4A8BD400292BFD /* Products */ = {
			isa = PBXGroup;
			children = (
				A69D6D622C4A8BD400292BFD /* RIA.app */,
			);
			name = Products;
			sourceTree = "<group>";
		};
		A69D6D642C4A8BD400292BFD /* RIA */ = {
			isa = PBXGroup;
			children = (
				A6D13AA32C731CD7003252E0 /* Info.plist */,
				A69D6D652C4A8BD400292BFD /* RIAApp.swift */,
				A69D6D672C4A8BD400292BFD /* ContentView.swift */,
				A69D6D692C4A8BD600292BFD /* Assets.xcassets */,
				A69D6D6B2C4A8BD600292BFD /* Preview Content */,
				A69D6D752C56893A00292BFD /* HomeView.swift */,
				A69D6D7D2C6F960F00292BFD /* SearchResultView.swift */,
				A6D13AA12C731481003252E0 /* KaKaoMapView.swift */,
				A6D13AAA2C75CCA2003252E0 /* MyTravelListView.swift */,
				A6D13AAC2C83596E003252E0 /* ImagePicker.swift */,
			);
			path = RIA;
			sourceTree = "<group>";
		};
		A69D6D6B2C4A8BD600292BFD /* Preview Content */ = {
			isa = PBXGroup;
			children = (
				A69D6D6C2C4A8BD600292BFD /* Preview Assets.xcassets */,
			);
			path = "Preview Content";
			sourceTree = "<group>";
		};
/* End PBXGroup section */

/* Begin PBXNativeTarget section */
		A69D6D612C4A8BD400292BFD /* RIA */ = {
			isa = PBXNativeTarget;
			buildConfigurationList = A69D6D702C4A8BD600292BFD /* Build configuration list for PBXNativeTarget "RIA" */;
			buildPhases = (
				A69D6D5E2C4A8BD400292BFD /* Sources */,
				A69D6D5F2C4A8BD400292BFD /* Frameworks */,
				A69D6D602C4A8BD400292BFD /* Resources */,
			);
			buildRules = (
			);
			dependencies = (
			);
			name = RIA;
			packageProductDependencies = (
				A6D13A9F2C71F462003252E0 /* KakaoMapsSDK-SPM */,
			);
			productName = RIA;
			productReference = A69D6D622C4A8BD400292BFD /* RIA.app */;
			productType = "com.apple.product-type.application";
		};
/* End PBXNativeTarget section */

/* Begin PBXProject section */
		A69D6D5A2C4A8BD400292BFD /* Project object */ = {
			isa = PBXProject;
			attributes = {
				BuildIndependentTargetsInParallel = 1;
				LastSwiftUpdateCheck = 1530;
				LastUpgradeCheck = 1530;
				TargetAttributes = {
					A69D6D612C4A8BD400292BFD = {
						CreatedOnToolsVersion = 15.3;
					};
				};
			};
			buildConfigurationList = A69D6D5D2C4A8BD400292BFD /* Build configuration list for PBXProject "RIA" */;
			compatibilityVersion = "Xcode 14.0";
			developmentRegion = en;
			hasScannedForEncodings = 0;
			knownRegions = (
				en,
				Base,
			);
			mainGroup = A69D6D592C4A8BD400292BFD;
			packageReferences = (
				A6D13A9E2C71F461003252E0 /* XCRemoteSwiftPackageReference "KakaoMapsSDK-SPM" */,
			);
			productRefGroup = A69D6D632C4A8BD400292BFD /* Products */;
			projectDirPath = "";
			projectRoot = "";
			targets = (
				A69D6D612C4A8BD400292BFD /* RIA */,
			);
		};
/* End PBXProject section */

/* Begin PBXResourcesBuildPhase section */
		A69D6D602C4A8BD400292BFD /* Resources */ = {
			isa = PBXResourcesBuildPhase;
			buildActionMask = 2147483647;
			files = (
				A69D6D6D2C4A8BD600292BFD /* Preview Assets.xcassets in Resources */,
				A69D6D6A2C4A8BD600292BFD /* Assets.xcassets in Resources */,
			);
			runOnlyForDeploymentPostprocessing = 0;
		};
/* End PBXResourcesBuildPhase section */

/* Begin PBXSourcesBuildPhase section */
		A69D6D5E2C4A8BD400292BFD /* Sources */ = {
			isa = PBXSourcesBuildPhase;
			buildActionMask = 2147483647;
			files = (
				A69D6D762C56893A00292BFD /* HomeView.swift in Sources */,
				A69D6D7E2C6F960F00292BFD /* SearchResultView.swift in Sources */,
				A69D6D682C4A8BD400292BFD /* ContentView.swift in Sources */,
				A6D13AAD2C83596E003252E0 /* ImagePicker.swift in Sources */,
				A69D6D662C4A8BD400292BFD /* RIAApp.swift in Sources */,
				A6D13AAB2C75CCA2003252E0 /* MyTravelListView.swift in Sources */,
				A6D13AA22C731481003252E0 /* KaKaoMapView.swift in Sources */,
			);
			runOnlyForDeploymentPostprocessing = 0;
		};
/* End PBXSourcesBuildPhase section */

/* Begin XCBuildConfiguration section */
		A69D6D6E2C4A8BD600292BFD /* Debug */ = {
			isa = XCBuildConfiguration;
			buildSettings = {
				ALWAYS_SEARCH_USER_PATHS = NO;
				ASSETCATALOG_COMPILER_GENERATE_SWIFT_ASSET_SYMBOL_EXTENSIONS = YES;
				CLANG_ANALYZER_NONNULL = YES;
				CLANG_ANALYZER_NUMBER_OBJECT_CONVERSION = YES_AGGRESSIVE;
				CLANG_CXX_LANGUAGE_STANDARD = "gnu++20";
				CLANG_ENABLE_MODULES = YES;
				CLANG_ENABLE_OBJC_ARC = YES;
				CLANG_ENABLE_OBJC_WEAK = YES;
				CLANG_WARN_BLOCK_CAPTURE_AUTORELEASING = YES;
				CLANG_WARN_BOOL_CONVERSION = YES;
				CLANG_WARN_COMMA = YES;
				CLANG_WARN_CONSTANT_CONVERSION = YES;
				CLANG_WARN_DEPRECATED_OBJC_IMPLEMENTATIONS = YES;
				CLANG_WARN_DIRECT_OBJC_ISA_USAGE = YES_ERROR;
				CLANG_WARN_DOCUMENTATION_COMMENTS = YES;
				CLANG_WARN_EMPTY_BODY = YES;
				CLANG_WARN_ENUM_CONVERSION = YES;
				CLANG_WARN_INFINITE_RECURSION = YES;
				CLANG_WARN_INT_CONVERSION = YES;
				CLANG_WARN_NON_LITERAL_NULL_CONVERSION = YES;
				CLANG_WARN_OBJC_IMPLICIT_RETAIN_SELF = YES;
				CLANG_WARN_OBJC_LITERAL_CONVERSION = YES;
				CLANG_WARN_OBJC_ROOT_CLASS = YES_ERROR;
				CLANG_WARN_QUOTED_INCLUDE_IN_FRAMEWORK_HEADER = YES;
				CLANG_WARN_RANGE_LOOP_ANALYSIS = YES;
				CLANG_WARN_STRICT_PROTOTYPES = YES;
				CLANG_WARN_SUSPICIOUS_MOVE = YES;
				CLANG_WARN_UNGUARDED_AVAILABILITY = YES_AGGRESSIVE;
				CLANG_WARN_UNREACHABLE_CODE = YES;
				CLANG_WARN__DUPLICATE_METHOD_MATCH = YES;
				COPY_PHASE_STRIP = NO;
				DEBUG_INFORMATION_FORMAT = dwarf;
				ENABLE_STRICT_OBJC_MSGSEND = YES;
				ENABLE_TESTABILITY = YES;
				ENABLE_USER_SCRIPT_SANDBOXING = YES;
				GCC_C_LANGUAGE_STANDARD = gnu17;
				GCC_DYNAMIC_NO_PIC = NO;
				GCC_NO_COMMON_BLOCKS = YES;
				GCC_OPTIMIZATION_LEVEL = 0;
				GCC_PREPROCESSOR_DEFINITIONS = (
					"DEBUG=1",
					"$(inherited)",
				);
				GCC_WARN_64_TO_32_BIT_CONVERSION = YES;
				GCC_WARN_ABOUT_RETURN_TYPE = YES_ERROR;
				GCC_WARN_UNDECLARED_SELECTOR = YES;
				GCC_WARN_UNINITIALIZED_AUTOS = YES_AGGRESSIVE;
				GCC_WARN_UNUSED_FUNCTION = YES;
				GCC_WARN_UNUSED_VARIABLE = YES;
				IPHONEOS_DEPLOYMENT_TARGET = 17.4;
				LOCALIZATION_PREFERS_STRING_CATALOGS = YES;
				MTL_ENABLE_DEBUG_INFO = INCLUDE_SOURCE;
				MTL_FAST_MATH = YES;
				ONLY_ACTIVE_ARCH = YES;
				SDKROOT = iphoneos;
				SWIFT_ACTIVE_COMPILATION_CONDITIONS = "DEBUG $(inherited)";
				SWIFT_OPTIMIZATION_LEVEL = "-Onone";
			};
			name = Debug;
		};
		A69D6D6F2C4A8BD600292BFD /* Release */ = {
			isa = XCBuildConfiguration;
			buildSettings = {
				ALWAYS_SEARCH_USER_PATHS = NO;
				ASSETCATALOG_COMPILER_GENERATE_SWIFT_ASSET_SYMBOL_EXTENSIONS = YES;
				CLANG_ANALYZER_NONNULL = YES;
				CLANG_ANALYZER_NUMBER_OBJECT_CONVERSION = YES_AGGRESSIVE;
				CLANG_CXX_LANGUAGE_STANDARD = "gnu++20";
				CLANG_ENABLE_MODULES = YES;
				CLANG_ENABLE_OBJC_ARC = YES;
				CLANG_ENABLE_OBJC_WEAK = YES;
				CLANG_WARN_BLOCK_CAPTURE_AUTORELEASING = YES;
				CLANG_WARN_BOOL_CONVERSION = YES;
				CLANG_WARN_COMMA = YES;
				CLANG_WARN_CONSTANT_CONVERSION = YES;
				CLANG_WARN_DEPRECATED_OBJC_IMPLEMENTATIONS = YES;
				CLANG_WARN_DIRECT_OBJC_ISA_USAGE = YES_ERROR;
				CLANG_WARN_DOCUMENTATION_COMMENTS = YES;
				CLANG_WARN_EMPTY_BODY = YES;
				CLANG_WARN_ENUM_CONVERSION = YES;
				CLANG_WARN_INFINITE_RECURSION = YES;
				CLANG_WARN_INT_CONVERSION = YES;
				CLANG_WARN_NON_LITERAL_NULL_CONVERSION = YES;
				CLANG_WARN_OBJC_IMPLICIT_RETAIN_SELF = YES;
				CLANG_WARN_OBJC_LITERAL_CONVERSION = YES;
				CLANG_WARN_OBJC_ROOT_CLASS = YES_ERROR;
				CLANG_WARN_QUOTED_INCLUDE_IN_FRAMEWORK_HEADER = YES;
				CLANG_WARN_RANGE_LOOP_ANALYSIS = YES;
				CLANG_WARN_STRICT_PROTOTYPES = YES;
				CLANG_WARN_SUSPICIOUS_MOVE = YES;
				CLANG_WARN_UNGUARDED_AVAILABILITY = YES_AGGRESSIVE;
				CLANG_WARN_UNREACHABLE_CODE = YES;
				CLANG_WARN__DUPLICATE_METHOD_MATCH = YES;
				COPY_PHASE_STRIP = NO;
				DEBUG_INFORMATION_FORMAT = "dwarf-with-dsym";
				ENABLE_NS_ASSERTIONS = NO;
				ENABLE_STRICT_OBJC_MSGSEND = YES;
				ENABLE_USER_SCRIPT_SANDBOXING = YES;
				GCC_C_LANGUAGE_STANDARD = gnu17;
				GCC_NO_COMMON_BLOCKS = YES;
				GCC_WARN_64_TO_32_BIT_CONVERSION = YES;
				GCC_WARN_ABOUT_RETURN_TYPE = YES_ERROR;
				GCC_WARN_UNDECLARED_SELECTOR = YES;
				GCC_WARN_UNINITIALIZED_AUTOS = YES_AGGRESSIVE;
				GCC_WARN_UNUSED_FUNCTION = YES;
				GCC_WARN_UNUSED_VARIABLE = YES;
				IPHONEOS_DEPLOYMENT_TARGET = 17.4;
				LOCALIZATION_PREFERS_STRING_CATALOGS = YES;
				MTL_ENABLE_DEBUG_INFO = NO;
				MTL_FAST_MATH = YES;
				SDKROOT = iphoneos;
				SWIFT_COMPILATION_MODE = wholemodule;
				VALIDATE_PRODUCT = YES;
			};
			name = Release;
		};
		A69D6D712C4A8BD600292BFD /* Debug */ = {
			isa = XCBuildConfiguration;
			buildSettings = {
				ASSETCATALOG_COMPILER_APPICON_NAME = AppIcon;
				ASSETCATALOG_COMPILER_GLOBAL_ACCENT_COLOR_NAME = AccentColor;
				CODE_SIGN_STYLE = Automatic;
				CURRENT_PROJECT_VERSION = 1;
				DEVELOPMENT_ASSET_PATHS = "\"RIA/Preview Content\"";
				ENABLE_PREVIEWS = YES;
				GENERATE_INFOPLIST_FILE = YES;
				INFOPLIST_FILE = RIA/Info.plist;
				INFOPLIST_KEY_UIApplicationSceneManifest_Generation = YES;
				INFOPLIST_KEY_UIApplicationSupportsIndirectInputEvents = YES;
				INFOPLIST_KEY_UILaunchScreen_Generation = YES;
				INFOPLIST_KEY_UISupportedInterfaceOrientations_iPad = "UIInterfaceOrientationPortrait UIInterfaceOrientationPortraitUpsideDown UIInterfaceOrientationLandscapeLeft UIInterfaceOrientationLandscapeRight";
				INFOPLIST_KEY_UISupportedInterfaceOrientations_iPhone = "UIInterfaceOrientationPortrait UIInterfaceOrientationLandscapeLeft UIInterfaceOrientationLandscapeRight";
				LD_RUNPATH_SEARCH_PATHS = (
					"$(inherited)",
					"@executable_path/Frameworks",
				);
				MARKETING_VERSION = 1.0;
				PRODUCT_BUNDLE_IDENTIFIER = com.RIA;
				PRODUCT_NAME = "$(TARGET_NAME)";
				SWIFT_EMIT_LOC_STRINGS = YES;
				SWIFT_VERSION = 5.0;
				TARGETED_DEVICE_FAMILY = "1,2";
			};
			name = Debug;
		};
		A69D6D722C4A8BD600292BFD /* Release */ = {
			isa = XCBuildConfiguration;
			buildSettings = {
				ASSETCATALOG_COMPILER_APPICON_NAME = AppIcon;
				ASSETCATALOG_COMPILER_GLOBAL_ACCENT_COLOR_NAME = AccentColor;
				CODE_SIGN_STYLE = Automatic;
				CURRENT_PROJECT_VERSION = 1;
				DEVELOPMENT_ASSET_PATHS = "\"RIA/Preview Content\"";
				ENABLE_PREVIEWS = YES;
				GENERATE_INFOPLIST_FILE = YES;
				INFOPLIST_FILE = RIA/Info.plist;
				INFOPLIST_KEY_UIApplicationSceneManifest_Generation = YES;
				INFOPLIST_KEY_UIApplicationSupportsIndirectInputEvents = YES;
				INFOPLIST_KEY_UILaunchScreen_Generation = YES;
				INFOPLIST_KEY_UISupportedInterfaceOrientations_iPad = "UIInterfaceOrientationPortrait UIInterfaceOrientationPortraitUpsideDown UIInterfaceOrientationLandscapeLeft UIInterfaceOrientationLandscapeRight";
				INFOPLIST_KEY_UISupportedInterfaceOrientations_iPhone = "UIInterfaceOrientationPortrait UIInterfaceOrientationLandscapeLeft UIInterfaceOrientationLandscapeRight";
				LD_RUNPATH_SEARCH_PATHS = (
					"$(inherited)",
					"@executable_path/Frameworks",
				);
				MARKETING_VERSION = 1.0;
				PRODUCT_BUNDLE_IDENTIFIER = com.RIA;
				PRODUCT_NAME = "$(TARGET_NAME)";
				SWIFT_EMIT_LOC_STRINGS = YES;
				SWIFT_VERSION = 5.0;
				TARGETED_DEVICE_FAMILY = "1,2";
			};
			name = Release;
		};
/* End XCBuildConfiguration section */

/* Begin XCConfigurationList section */
		A69D6D5D2C4A8BD400292BFD /* Build configuration list for PBXProject "RIA" */ = {
			isa = XCConfigurationList;
			buildConfigurations = (
				A69D6D6E2C4A8BD600292BFD /* Debug */,
				A69D6D6F2C4A8BD600292BFD /* Release */,
			);
			defaultConfigurationIsVisible = 0;
			defaultConfigurationName = Release;
		};
		A69D6D702C4A8BD600292BFD /* Build configuration list for PBXNativeTarget "RIA" */ = {
			isa = XCConfigurationList;
			buildConfigurations = (
				A69D6D712C4A8BD600292BFD /* Debug */,
				A69D6D722C4A8BD600292BFD /* Release */,
			);
			defaultConfigurationIsVisible = 0;
			defaultConfigurationName = Release;
		};
/* End XCConfigurationList section */

/* Begin XCRemoteSwiftPackageReference section */
		A6D13A9E2C71F461003252E0 /* XCRemoteSwiftPackageReference "KakaoMapsSDK-SPM" */ = {
			isa = XCRemoteSwiftPackageReference;
			repositoryURL = "https://github.com/kakao-mapsSDK/KakaoMapsSDK-SPM.git";
			requirement = {
				kind = upToNextMajorVersion;
				minimumVersion = 2.10.5;
			};
		};
/* End XCRemoteSwiftPackageReference section */

/* Begin XCSwiftPackageProductDependency section */
		A6D13A9F2C71F462003252E0 /* KakaoMapsSDK-SPM */ = {
			isa = XCSwiftPackageProductDependency;
			package = A6D13A9E2C71F461003252E0 /* XCRemoteSwiftPackageReference "KakaoMapsSDK-SPM" */;
			productName = "KakaoMapsSDK-SPM";
		};
/* End XCSwiftPackageProductDependency section */
	};
	rootObject = A69D6D5A2C4A8BD400292BFD /* Project object */;
}
